// !$*UTF8*$!
{
	archiveVersion = 1;
	classes = {
	};
	objectVersion = 56;
	objects = {

/* Begin PBXBuildFile section */
		8042E8D9DCBA1E651E5EA4A3 /* Pods_xsh_demos.framework in Frameworks */ = {isa = PBXBuildFile; fileRef = 66EA0518819829516862978B /* Pods_xsh_demos.framework */; };
		A0A482942A7F86B4002C31FE /* AppDelegate.swift in Sources */ = {isa = PBXBuildFile; fileRef = A0A482932A7F86B4002C31FE /* AppDelegate.swift */; };
		A0A482962A7F86B4002C31FE /* SceneDelegate.swift in Sources */ = {isa = PBXBuildFile; fileRef = A0A482952A7F86B4002C31FE /* SceneDelegate.swift */; };
		A0A482982A7F86B4002C31FE /* ViewController.swift in Sources */ = {isa = PBXBuildFile; fileRef = A0A482972A7F86B4002C31FE /* ViewController.swift */; };
		A0A4829B2A7F86B4002C31FE /* Main.storyboard in Resources */ = {isa = PBXBuildFile; fileRef = A0A482992A7F86B4002C31FE /* Main.storyboard */; };
		A0A4829E2A7F86B4002C31FE /* xsh_demos.xcdatamodeld in Sources */ = {isa = PBXBuildFile; fileRef = A0A4829C2A7F86B4002C31FE /* xsh_demos.xcdatamodeld */; };
		A0A482A02A7F86B5002C31FE /* Assets.xcassets in Resources */ = {isa = PBXBuildFile; fileRef = A0A4829F2A7F86B5002C31FE /* Assets.xcassets */; };
		A0A482A32A7F86B5002C31FE /* LaunchScreen.storyboard in Resources */ = {isa = PBXBuildFile; fileRef = A0A482A12A7F86B5002C31FE /* LaunchScreen.storyboard */; };
		A0A482AE2A7F86B5002C31FE /* xsh_demosTests.swift in Sources */ = {isa = PBXBuildFile; fileRef = A0A482AD2A7F86B5002C31FE /* xsh_demosTests.swift */; };
		A0A482B82A7F86B5002C31FE /* xsh_demosUITests.swift in Sources */ = {isa = PBXBuildFile; fileRef = A0A482B72A7F86B5002C31FE /* xsh_demosUITests.swift */; };
		A0A482BA2A7F86B5002C31FE /* xsh_demosUITestsLaunchTests.swift in Sources */ = {isa = PBXBuildFile; fileRef = A0A482B92A7F86B5002C31FE /* xsh_demosUITestsLaunchTests.swift */; };
		A0ACF10E2A8873DF001975A0 /* NewWorkManager.swift in Sources */ = {isa = PBXBuildFile; fileRef = A0ACF10D2A8873DF001975A0 /* NewWorkManager.swift */; };
		A0ACF1132A88A22F001975A0 /* WBTableCellView.swift in Sources */ = {isa = PBXBuildFile; fileRef = A0ACF1122A88A22F001975A0 /* WBTableCellView.swift */; };
		A0ACF1172A88AAF2001975A0 /* WBTablePicsCollectionView.swift in Sources */ = {isa = PBXBuildFile; fileRef = A0ACF1162A88AAF2001975A0 /* WBTablePicsCollectionView.swift */; };
		A0ACF1192A88B4C3001975A0 /* WBTableViewController.swift in Sources */ = {isa = PBXBuildFile; fileRef = A0ACF1182A88B4C3001975A0 /* WBTableViewController.swift */; };
		A0ACF1202A88B8B6001975A0 /* WBMsgModel.swift in Sources */ = {isa = PBXBuildFile; fileRef = A0ACF11F2A88B8B6001975A0 /* WBMsgModel.swift */; };
		A0ACF1222A88C66C001975A0 /* JsonUtil.swift in Sources */ = {isa = PBXBuildFile; fileRef = A0ACF1212A88C66C001975A0 /* JsonUtil.swift */; };
		A0ACF12C2A8934F4001975A0 /* Info.plist in Resources */ = {isa = PBXBuildFile; fileRef = A0ACF12B2A8934F4001975A0 /* Info.plist */; };
/* End PBXBuildFile section */

/* Begin PBXContainerItemProxy section */
		A0A482AA2A7F86B5002C31FE /* PBXContainerItemProxy */ = {
			isa = PBXContainerItemProxy;
			containerPortal = A0A482882A7F86B4002C31FE /* Project object */;
			proxyType = 1;
			remoteGlobalIDString = A0A4828F2A7F86B4002C31FE;
			remoteInfo = xsh_demos;
		};
		A0A482B42A7F86B5002C31FE /* PBXContainerItemProxy */ = {
			isa = PBXContainerItemProxy;
			containerPortal = A0A482882A7F86B4002C31FE /* Project object */;
			proxyType = 1;
			remoteGlobalIDString = A0A4828F2A7F86B4002C31FE;
			remoteInfo = xsh_demos;
		};
/* End PBXContainerItemProxy section */

/* Begin PBXFileReference section */
		66EA0518819829516862978B /* Pods_xsh_demos.framework */ = {isa = PBXFileReference; explicitFileType = wrapper.framework; includeInIndex = 0; path = Pods_xsh_demos.framework; sourceTree = BUILT_PRODUCTS_DIR; };
		A0A482902A7F86B4002C31FE /* xsh_demos.app */ = {isa = PBXFileReference; explicitFileType = wrapper.application; includeInIndex = 0; path = xsh_demos.app; sourceTree = BUILT_PRODUCTS_DIR; };
		A0A482932A7F86B4002C31FE /* AppDelegate.swift */ = {isa = PBXFileReference; lastKnownFileType = sourcecode.swift; path = AppDelegate.swift; sourceTree = "<group>"; };
		A0A482952A7F86B4002C31FE /* SceneDelegate.swift */ = {isa = PBXFileReference; lastKnownFileType = sourcecode.swift; path = SceneDelegate.swift; sourceTree = "<group>"; };
		A0A482972A7F86B4002C31FE /* ViewController.swift */ = {isa = PBXFileReference; lastKnownFileType = sourcecode.swift; path = ViewController.swift; sourceTree = "<group>"; };
		A0A4829A2A7F86B4002C31FE /* Base */ = {isa = PBXFileReference; lastKnownFileType = file.storyboard; name = Base; path = Base.lproj/Main.storyboard; sourceTree = "<group>"; };
		A0A4829D2A7F86B4002C31FE /* xsh_demos.xcdatamodel */ = {isa = PBXFileReference; lastKnownFileType = wrapper.xcdatamodel; path = xsh_demos.xcdatamodel; sourceTree = "<group>"; };
		A0A4829F2A7F86B5002C31FE /* Assets.xcassets */ = {isa = PBXFileReference; lastKnownFileType = folder.assetcatalog; path = Assets.xcassets; sourceTree = "<group>"; };
		A0A482A22A7F86B5002C31FE /* Base */ = {isa = PBXFileReference; lastKnownFileType = file.storyboard; name = Base; path = Base.lproj/LaunchScreen.storyboard; sourceTree = "<group>"; };
		A0A482A92A7F86B5002C31FE /* xsh_demosTests.xctest */ = {isa = PBXFileReference; explicitFileType = wrapper.cfbundle; includeInIndex = 0; path = xsh_demosTests.xctest; sourceTree = BUILT_PRODUCTS_DIR; };
		A0A482AD2A7F86B5002C31FE /* xsh_demosTests.swift */ = {isa = PBXFileReference; lastKnownFileType = sourcecode.swift; path = xsh_demosTests.swift; sourceTree = "<group>"; };
		A0A482B32A7F86B5002C31FE /* xsh_demosUITests.xctest */ = {isa = PBXFileReference; explicitFileType = wrapper.cfbundle; includeInIndex = 0; path = xsh_demosUITests.xctest; sourceTree = BUILT_PRODUCTS_DIR; };
		A0A482B72A7F86B5002C31FE /* xsh_demosUITests.swift */ = {isa = PBXFileReference; lastKnownFileType = sourcecode.swift; path = xsh_demosUITests.swift; sourceTree = "<group>"; };
		A0A482B92A7F86B5002C31FE /* xsh_demosUITestsLaunchTests.swift */ = {isa = PBXFileReference; lastKnownFileType = sourcecode.swift; path = xsh_demosUITestsLaunchTests.swift; sourceTree = "<group>"; };
		A0ACF10D2A8873DF001975A0 /* NewWorkManager.swift */ = {isa = PBXFileReference; lastKnownFileType = sourcecode.swift; path = NewWorkManager.swift; sourceTree = "<group>"; };
		A0ACF1122A88A22F001975A0 /* WBTableCellView.swift */ = {isa = PBXFileReference; lastKnownFileType = sourcecode.swift; path = WBTableCellView.swift; sourceTree = "<group>"; };
		A0ACF1162A88AAF2001975A0 /* WBTablePicsCollectionView.swift */ = {isa = PBXFileReference; lastKnownFileType = sourcecode.swift; path = WBTablePicsCollectionView.swift; sourceTree = "<group>"; };
		A0ACF1182A88B4C3001975A0 /* WBTableViewController.swift */ = {isa = PBXFileReference; lastKnownFileType = sourcecode.swift; path = WBTableViewController.swift; sourceTree = "<group>"; };
		A0ACF11F2A88B8B6001975A0 /* WBMsgModel.swift */ = {isa = PBXFileReference; lastKnownFileType = sourcecode.swift; path = WBMsgModel.swift; sourceTree = "<group>"; };
		A0ACF1212A88C66C001975A0 /* JsonUtil.swift */ = {isa = PBXFileReference; lastKnownFileType = sourcecode.swift; path = JsonUtil.swift; sourceTree = "<group>"; };
		A0ACF12A2A8932EE001975A0 /* 需求清单.h */ = {isa = PBXFileReference; lastKnownFileType = sourcecode.c.h; path = "需求清单.h"; sourceTree = "<group>"; };
		A0ACF12B2A8934F4001975A0 /* Info.plist */ = {isa = PBXFileReference; fileEncoding = 4; lastKnownFileType = text.plist.xml; path = Info.plist; sourceTree = "<group>"; };
		D1C643A5C30ABFA4600A8940 /* Pods-xsh_demos.release.xcconfig */ = {isa = PBXFileReference; includeInIndex = 1; lastKnownFileType = text.xcconfig; name = "Pods-xsh_demos.release.xcconfig"; path = "Target Support Files/Pods-xsh_demos/Pods-xsh_demos.release.xcconfig"; sourceTree = "<group>"; };
		F04362078A5572491A22D7E5 /* Pods-xsh_demos.debug.xcconfig */ = {isa = PBXFileReference; includeInIndex = 1; lastKnownFileType = text.xcconfig; name = "Pods-xsh_demos.debug.xcconfig"; path = "Target Support Files/Pods-xsh_demos/Pods-xsh_demos.debug.xcconfig"; sourceTree = "<group>"; };
/* End PBXFileReference section */

/* Begin PBXFrameworksBuildPhase section */
		A0A4828D2A7F86B4002C31FE /* Frameworks */ = {
			isa = PBXFrameworksBuildPhase;
			buildActionMask = 2147483647;
			files = (
				8042E8D9DCBA1E651E5EA4A3 /* Pods_xsh_demos.framework in Frameworks */,
			);
			runOnlyForDeploymentPostprocessing = 0;
		};
		A0A482A62A7F86B5002C31FE /* Frameworks */ = {
			isa = PBXFrameworksBuildPhase;
			buildActionMask = 2147483647;
			files = (
			);
			runOnlyForDeploymentPostprocessing = 0;
		};
		A0A482B02A7F86B5002C31FE /* Frameworks */ = {
			isa = PBXFrameworksBuildPhase;
			buildActionMask = 2147483647;
			files = (
			);
			runOnlyForDeploymentPostprocessing = 0;
		};
/* End PBXFrameworksBuildPhase section */

/* Begin PBXGroup section */
		100E9CD1E51A9C41D2C27546 /* Frameworks */ = {
			isa = PBXGroup;
			children = (
				66EA0518819829516862978B /* Pods_xsh_demos.framework */,
			);
			name = Frameworks;
			sourceTree = "<group>";
		};
		A0A482872A7F86B4002C31FE = {
			isa = PBXGroup;
			children = (
				A0A482922A7F86B4002C31FE /* xsh_demos */,
				A0A482AC2A7F86B5002C31FE /* xsh_demosTests */,
				A0A482B62A7F86B5002C31FE /* xsh_demosUITests */,
				A0A482912A7F86B4002C31FE /* Products */,
				EB8A1FDD07563658B49E7E91 /* Pods */,
				100E9CD1E51A9C41D2C27546 /* Frameworks */,
			);
			sourceTree = "<group>";
		};
		A0A482912A7F86B4002C31FE /* Products */ = {
			isa = PBXGroup;
			children = (
				A0A482902A7F86B4002C31FE /* xsh_demos.app */,
				A0A482A92A7F86B5002C31FE /* xsh_demosTests.xctest */,
				A0A482B32A7F86B5002C31FE /* xsh_demosUITests.xctest */,
			);
			name = Products;
			sourceTree = "<group>";
		};
		A0A482922A7F86B4002C31FE /* xsh_demos */ = {
			isa = PBXGroup;
			children = (
				A0A482932A7F86B4002C31FE /* AppDelegate.swift */,
				A0ACF12B2A8934F4001975A0 /* Info.plist */,
				A0A482952A7F86B4002C31FE /* SceneDelegate.swift */,
				A0A482972A7F86B4002C31FE /* ViewController.swift */,
				A0ACF12A2A8932EE001975A0 /* 需求清单.h */,
				A0ACF1112A887534001975A0 /* Extensions */,
				A0ACF1102A88752B001975A0 /* Resources */,
				A0ACF10C2A88736B001975A0 /* Utils */,
				A0ACF10B2A886582001975A0 /* Supporting Files */,
				A0ACF10A2A88656F001975A0 /* Controllers */,
				A0ACF1092A886563001975A0 /* Views */,
				A0ACF1082A88655C001975A0 /* Models */,
			);
			path = xsh_demos;
			sourceTree = "<group>";
		};
		A0A482AC2A7F86B5002C31FE /* xsh_demosTests */ = {
			isa = PBXGroup;
			children = (
				A0A482AD2A7F86B5002C31FE /* xsh_demosTests.swift */,
			);
			path = xsh_demosTests;
			sourceTree = "<group>";
		};
		A0A482B62A7F86B5002C31FE /* xsh_demosUITests */ = {
			isa = PBXGroup;
			children = (
				A0A482B72A7F86B5002C31FE /* xsh_demosUITests.swift */,
				A0A482B92A7F86B5002C31FE /* xsh_demosUITestsLaunchTests.swift */,
			);
			path = xsh_demosUITests;
			sourceTree = "<group>";
		};
		A0ACF1082A88655C001975A0 /* Models */ = {
			isa = PBXGroup;
			children = (
				A0ACF11C2A88B85A001975A0 /* 动态列表 */,
			);
			path = Models;
			sourceTree = "<group>";
		};
		A0ACF1092A886563001975A0 /* Views */ = {
			isa = PBXGroup;
			children = (
				A0ACF11A2A88B64F001975A0 /* 动态列表 */,
			);
			path = Views;
			sourceTree = "<group>";
		};
		A0ACF10A2A88656F001975A0 /* Controllers */ = {
			isa = PBXGroup;
			children = (
				A0ACF11B2A88B666001975A0 /* 动态列表 */,
			);
			path = Controllers;
			sourceTree = "<group>";
		};
		A0ACF10B2A886582001975A0 /* Supporting Files */ = {
			isa = PBXGroup;
			children = (
				A0A4829C2A7F86B4002C31FE /* xsh_demos.xcdatamodeld */,
				A0A482992A7F86B4002C31FE /* Main.storyboard */,
				A0A4829F2A7F86B5002C31FE /* Assets.xcassets */,
				A0A482A12A7F86B5002C31FE /* LaunchScreen.storyboard */,
			);
			path = "Supporting Files";
			sourceTree = "<group>";
		};
		A0ACF10C2A88736B001975A0 /* Utils */ = {
			isa = PBXGroup;
			children = (
				A0ACF10D2A8873DF001975A0 /* NewWorkManager.swift */,
				A0ACF1212A88C66C001975A0 /* JsonUtil.swift */,
			);
			path = Utils;
			sourceTree = "<group>";
		};
		A0ACF1102A88752B001975A0 /* Resources */ = {
			isa = PBXGroup;
			children = (
			);
			path = Resources;
			sourceTree = "<group>";
		};
		A0ACF1112A887534001975A0 /* Extensions */ = {
			isa = PBXGroup;
			children = (
			);
			path = Extensions;
			sourceTree = "<group>";
		};
		A0ACF11A2A88B64F001975A0 /* 动态列表 */ = {
			isa = PBXGroup;
			children = (
				A0ACF1122A88A22F001975A0 /* WBTableCellView.swift */,
				A0ACF1162A88AAF2001975A0 /* WBTablePicsCollectionView.swift */,
			);
			path = "动态列表";
			sourceTree = "<group>";
		};
		A0ACF11B2A88B666001975A0 /* 动态列表 */ = {
			isa = PBXGroup;
			children = (
				A0ACF1182A88B4C3001975A0 /* WBTableViewController.swift */,
			);
			path = "动态列表";
			sourceTree = "<group>";
		};
		A0ACF11C2A88B85A001975A0 /* 动态列表 */ = {
			isa = PBXGroup;
			children = (
				A0ACF11F2A88B8B6001975A0 /* WBMsgModel.swift */,
			);
			path = "动态列表";
			sourceTree = "<group>";
		};
		EB8A1FDD07563658B49E7E91 /* Pods */ = {
			isa = PBXGroup;
			children = (
				F04362078A5572491A22D7E5 /* Pods-xsh_demos.debug.xcconfig */,
				D1C643A5C30ABFA4600A8940 /* Pods-xsh_demos.release.xcconfig */,
			);
			path = Pods;
			sourceTree = "<group>";
		};
/* End PBXGroup section */

/* Begin PBXNativeTarget section */
		A0A4828F2A7F86B4002C31FE /* xsh_demos */ = {
			isa = PBXNativeTarget;
			buildConfigurationList = A0A482BD2A7F86B5002C31FE /* Build configuration list for PBXNativeTarget "xsh_demos" */;
			buildPhases = (
				694742577DFC460481CC627A /* [CP] Check Pods Manifest.lock */,
				A0A4828C2A7F86B4002C31FE /* Sources */,
				A0A4828D2A7F86B4002C31FE /* Frameworks */,
				A0A4828E2A7F86B4002C31FE /* Resources */,
				239E6F0FAEA5BCB267521C08 /* [CP] Embed Pods Frameworks */,
			);
			buildRules = (
			);
			dependencies = (
			);
			name = xsh_demos;
			productName = xsh_demos;
			productReference = A0A482902A7F86B4002C31FE /* xsh_demos.app */;
			productType = "com.apple.product-type.application";
		};
		A0A482A82A7F86B5002C31FE /* xsh_demosTests */ = {
			isa = PBXNativeTarget;
			buildConfigurationList = A0A482C02A7F86B5002C31FE /* Build configuration list for PBXNativeTarget "xsh_demosTests" */;
			buildPhases = (
				A0A482A52A7F86B5002C31FE /* Sources */,
				A0A482A62A7F86B5002C31FE /* Frameworks */,
				A0A482A72A7F86B5002C31FE /* Resources */,
			);
			buildRules = (
			);
			dependencies = (
				A0A482AB2A7F86B5002C31FE /* PBXTargetDependency */,
			);
			name = xsh_demosTests;
			productName = xsh_demosTests;
			productReference = A0A482A92A7F86B5002C31FE /* xsh_demosTests.xctest */;
			productType = "com.apple.product-type.bundle.unit-test";
		};
		A0A482B22A7F86B5002C31FE /* xsh_demosUITests */ = {
			isa = PBXNativeTarget;
			buildConfigurationList = A0A482C32A7F86B5002C31FE /* Build configuration list for PBXNativeTarget "xsh_demosUITests" */;
			buildPhases = (
				A0A482AF2A7F86B5002C31FE /* Sources */,
				A0A482B02A7F86B5002C31FE /* Frameworks */,
				A0A482B12A7F86B5002C31FE /* Resources */,
			);
			buildRules = (
			);
			dependencies = (
				A0A482B52A7F86B5002C31FE /* PBXTargetDependency */,
			);
			name = xsh_demosUITests;
			productName = xsh_demosUITests;
			productReference = A0A482B32A7F86B5002C31FE /* xsh_demosUITests.xctest */;
			productType = "com.apple.product-type.bundle.ui-testing";
		};
/* End PBXNativeTarget section */

/* Begin PBXProject section */
		A0A482882A7F86B4002C31FE /* Project object */ = {
			isa = PBXProject;
			attributes = {
				BuildIndependentTargetsInParallel = 1;
				LastSwiftUpdateCheck = 1430;
				LastUpgradeCheck = 1430;
				TargetAttributes = {
					A0A4828F2A7F86B4002C31FE = {
						CreatedOnToolsVersion = 14.3.1;
					};
					A0A482A82A7F86B5002C31FE = {
						CreatedOnToolsVersion = 14.3.1;
						TestTargetID = A0A4828F2A7F86B4002C31FE;
					};
					A0A482B22A7F86B5002C31FE = {
						CreatedOnToolsVersion = 14.3.1;
						TestTargetID = A0A4828F2A7F86B4002C31FE;
					};
				};
			};
			buildConfigurationList = A0A4828B2A7F86B4002C31FE /* Build configuration list for PBXProject "xsh_demos" */;
			compatibilityVersion = "Xcode 14.0";
			developmentRegion = en;
			hasScannedForEncodings = 0;
			knownRegions = (
				en,
				Base,
			);
			mainGroup = A0A482872A7F86B4002C31FE;
			productRefGroup = A0A482912A7F86B4002C31FE /* Products */;
			projectDirPath = "";
			projectRoot = "";
			targets = (
				A0A4828F2A7F86B4002C31FE /* xsh_demos */,
				A0A482A82A7F86B5002C31FE /* xsh_demosTests */,
				A0A482B22A7F86B5002C31FE /* xsh_demosUITests */,
			);
		};
/* End PBXProject section */

/* Begin PBXResourcesBuildPhase section */
		A0A4828E2A7F86B4002C31FE /* Resources */ = {
			isa = PBXResourcesBuildPhase;
			buildActionMask = 2147483647;
			files = (
				A0ACF12C2A8934F4001975A0 /* Info.plist in Resources */,
				A0A482A32A7F86B5002C31FE /* LaunchScreen.storyboard in Resources */,
				A0A482A02A7F86B5002C31FE /* Assets.xcassets in Resources */,
				A0A4829B2A7F86B4002C31FE /* Main.storyboard in Resources */,
			);
			runOnlyForDeploymentPostprocessing = 0;
		};
		A0A482A72A7F86B5002C31FE /* Resources */ = {
			isa = PBXResourcesBuildPhase;
			buildActionMask = 2147483647;
			files = (
			);
			runOnlyForDeploymentPostprocessing = 0;
		};
		A0A482B12A7F86B5002C31FE /* Resources */ = {
			isa = PBXResourcesBuildPhase;
			buildActionMask = 2147483647;
			files = (
			);
			runOnlyForDeploymentPostprocessing = 0;
		};
/* End PBXResourcesBuildPhase section */

/* Begin PBXShellScriptBuildPhase section */
		239E6F0FAEA5BCB267521C08 /* [CP] Embed Pods Frameworks */ = {
			isa = PBXShellScriptBuildPhase;
			buildActionMask = 2147483647;
			files = (
			);
			inputFileListPaths = (
				"${PODS_ROOT}/Target Support Files/Pods-xsh_demos/Pods-xsh_demos-frameworks-${CONFIGURATION}-input-files.xcfilelist",
			);
			name = "[CP] Embed Pods Frameworks";
			outputFileListPaths = (
				"${PODS_ROOT}/Target Support Files/Pods-xsh_demos/Pods-xsh_demos-frameworks-${CONFIGURATION}-output-files.xcfilelist",
			);
			runOnlyForDeploymentPostprocessing = 0;
			shellPath = /bin/sh;
			shellScript = "\"${PODS_ROOT}/Target Support Files/Pods-xsh_demos/Pods-xsh_demos-frameworks.sh\"\n";
			showEnvVarsInLog = 0;
		};
		694742577DFC460481CC627A /* [CP] Check Pods Manifest.lock */ = {
			isa = PBXShellScriptBuildPhase;
			buildActionMask = 2147483647;
			files = (
			);
			inputFileListPaths = (
			);
			inputPaths = (
				"${PODS_PODFILE_DIR_PATH}/Podfile.lock",
				"${PODS_ROOT}/Manifest.lock",
			);
			name = "[CP] Check Pods Manifest.lock";
			outputFileListPaths = (
			);
			outputPaths = (
				"$(DERIVED_FILE_DIR)/Pods-xsh_demos-checkManifestLockResult.txt",
			);
			runOnlyForDeploymentPostprocessing = 0;
			shellPath = /bin/sh;
			shellScript = "diff \"${PODS_PODFILE_DIR_PATH}/Podfile.lock\" \"${PODS_ROOT}/Manifest.lock\" > /dev/null\nif [ $? != 0 ] ; then\n    # print error to STDERR\n    echo \"error: The sandbox is not in sync with the Podfile.lock. Run 'pod install' or update your CocoaPods installation.\" >&2\n    exit 1\nfi\n# This output is used by Xcode 'outputs' to avoid re-running this script phase.\necho \"SUCCESS\" > \"${SCRIPT_OUTPUT_FILE_0}\"\n";
			showEnvVarsInLog = 0;
		};
/* End PBXShellScriptBuildPhase section */

/* Begin PBXSourcesBuildPhase section */
		A0A4828C2A7F86B4002C31FE /* Sources */ = {
			isa = PBXSourcesBuildPhase;
			buildActionMask = 2147483647;
			files = (
				A0A4829E2A7F86B4002C31FE /* xsh_demos.xcdatamodeld in Sources */,
				A0ACF1172A88AAF2001975A0 /* WBTablePicsCollectionView.swift in Sources */,
				A0A482982A7F86B4002C31FE /* ViewController.swift in Sources */,
				A0ACF1132A88A22F001975A0 /* WBTableCellView.swift in Sources */,
				A0ACF1192A88B4C3001975A0 /* WBTableViewController.swift in Sources */,
				A0A482942A7F86B4002C31FE /* AppDelegate.swift in Sources */,
				A0ACF10E2A8873DF001975A0 /* NewWorkManager.swift in Sources */,
				A0A482962A7F86B4002C31FE /* SceneDelegate.swift in Sources */,
				A0ACF1202A88B8B6001975A0 /* WBMsgModel.swift in Sources */,
				A0ACF1222A88C66C001975A0 /* JsonUtil.swift in Sources */,
			);
			runOnlyForDeploymentPostprocessing = 0;
		};
		A0A482A52A7F86B5002C31FE /* Sources */ = {
			isa = PBXSourcesBuildPhase;
			buildActionMask = 2147483647;
			files = (
				A0A482AE2A7F86B5002C31FE /* xsh_demosTests.swift in Sources */,
			);
			runOnlyForDeploymentPostprocessing = 0;
		};
		A0A482AF2A7F86B5002C31FE /* Sources */ = {
			isa = PBXSourcesBuildPhase;
			buildActionMask = 2147483647;
			files = (
				A0A482B82A7F86B5002C31FE /* xsh_demosUITests.swift in Sources */,
				A0A482BA2A7F86B5002C31FE /* xsh_demosUITestsLaunchTests.swift in Sources */,
			);
			runOnlyForDeploymentPostprocessing = 0;
		};
/* End PBXSourcesBuildPhase section */

/* Begin PBXTargetDependency section */
		A0A482AB2A7F86B5002C31FE /* PBXTargetDependency */ = {
			isa = PBXTargetDependency;
			target = A0A4828F2A7F86B4002C31FE /* xsh_demos */;
			targetProxy = A0A482AA2A7F86B5002C31FE /* PBXContainerItemProxy */;
		};
		A0A482B52A7F86B5002C31FE /* PBXTargetDependency */ = {
			isa = PBXTargetDependency;
			target = A0A4828F2A7F86B4002C31FE /* xsh_demos */;
			targetProxy = A0A482B42A7F86B5002C31FE /* PBXContainerItemProxy */;
		};
/* End PBXTargetDependency section */

/* Begin PBXVariantGroup section */
		A0A482992A7F86B4002C31FE /* Main.storyboard */ = {
			isa = PBXVariantGroup;
			children = (
				A0A4829A2A7F86B4002C31FE /* Base */,
			);
			name = Main.storyboard;
			sourceTree = "<group>";
		};
		A0A482A12A7F86B5002C31FE /* LaunchScreen.storyboard */ = {
			isa = PBXVariantGroup;
			children = (
				A0A482A22A7F86B5002C31FE /* Base */,
			);
			name = LaunchScreen.storyboard;
			sourceTree = "<group>";
		};
/* End PBXVariantGroup section */

/* Begin XCBuildConfiguration section */
		A0A482BB2A7F86B5002C31FE /* Debug */ = {
			isa = XCBuildConfiguration;
			buildSettings = {
				ALWAYS_SEARCH_USER_PATHS = NO;
				CLANG_ANALYZER_NONNULL = YES;
				CLANG_ANALYZER_NUMBER_OBJECT_CONVERSION = YES_AGGRESSIVE;
				CLANG_CXX_LANGUAGE_STANDARD = "gnu++20";
				CLANG_ENABLE_MODULES = YES;
				CLANG_ENABLE_OBJC_ARC = YES;
				CLANG_ENABLE_OBJC_WEAK = YES;
				CLANG_WARN_BLOCK_CAPTURE_AUTORELEASING = YES;
				CLANG_WARN_BOOL_CONVERSION = YES;
				CLANG_WARN_COMMA = YES;
				CLANG_WARN_CONSTANT_CONVERSION = YES;
				CLANG_WARN_DEPRECATED_OBJC_IMPLEMENTATIONS = YES;
				CLANG_WARN_DIRECT_OBJC_ISA_USAGE = YES_ERROR;
				CLANG_WARN_DOCUMENTATION_COMMENTS = YES;
				CLANG_WARN_EMPTY_BODY = YES;
				CLANG_WARN_ENUM_CONVERSION = YES;
				CLANG_WARN_INFINITE_RECURSION = YES;
				CLANG_WARN_INT_CONVERSION = YES;
				CLANG_WARN_NON_LITERAL_NULL_CONVERSION = YES;
				CLANG_WARN_OBJC_IMPLICIT_RETAIN_SELF = YES;
				CLANG_WARN_OBJC_LITERAL_CONVERSION = YES;
				CLANG_WARN_OBJC_ROOT_CLASS = YES_ERROR;
				CLANG_WARN_QUOTED_INCLUDE_IN_FRAMEWORK_HEADER = YES;
				CLANG_WARN_RANGE_LOOP_ANALYSIS = YES;
				CLANG_WARN_STRICT_PROTOTYPES = YES;
				CLANG_WARN_SUSPICIOUS_MOVE = YES;
				CLANG_WARN_UNGUARDED_AVAILABILITY = YES_AGGRESSIVE;
				CLANG_WARN_UNREACHABLE_CODE = YES;
				CLANG_WARN__DUPLICATE_METHOD_MATCH = YES;
				COPY_PHASE_STRIP = NO;
				DEBUG_INFORMATION_FORMAT = dwarf;
				ENABLE_STRICT_OBJC_MSGSEND = YES;
				ENABLE_TESTABILITY = YES;
				GCC_C_LANGUAGE_STANDARD = gnu11;
				GCC_DYNAMIC_NO_PIC = NO;
				GCC_NO_COMMON_BLOCKS = YES;
				GCC_OPTIMIZATION_LEVEL = 0;
				GCC_PREPROCESSOR_DEFINITIONS = (
					"DEBUG=1",
					"$(inherited)",
				);
				GCC_WARN_64_TO_32_BIT_CONVERSION = YES;
				GCC_WARN_ABOUT_RETURN_TYPE = YES_ERROR;
				GCC_WARN_UNDECLARED_SELECTOR = YES;
				GCC_WARN_UNINITIALIZED_AUTOS = YES_AGGRESSIVE;
				GCC_WARN_UNUSED_FUNCTION = YES;
				GCC_WARN_UNUSED_VARIABLE = YES;
				IPHONEOS_DEPLOYMENT_TARGET = 16.4;
				MTL_ENABLE_DEBUG_INFO = INCLUDE_SOURCE;
				MTL_FAST_MATH = YES;
				ONLY_ACTIVE_ARCH = YES;
				SDKROOT = iphoneos;
				SWIFT_ACTIVE_COMPILATION_CONDITIONS = DEBUG;
				SWIFT_OPTIMIZATION_LEVEL = "-Onone";
			};
			name = Debug;
		};
		A0A482BC2A7F86B5002C31FE /* Release */ = {
			isa = XCBuildConfiguration;
			buildSettings = {
				ALWAYS_SEARCH_USER_PATHS = NO;
				CLANG_ANALYZER_NONNULL = YES;
				CLANG_ANALYZER_NUMBER_OBJECT_CONVERSION = YES_AGGRESSIVE;
				CLANG_CXX_LANGUAGE_STANDARD = "gnu++20";
				CLANG_ENABLE_MODULES = YES;
				CLANG_ENABLE_OBJC_ARC = YES;
				CLANG_ENABLE_OBJC_WEAK = YES;
				CLANG_WARN_BLOCK_CAPTURE_AUTORELEASING = YES;
				CLANG_WARN_BOOL_CONVERSION = YES;
				CLANG_WARN_COMMA = YES;
				CLANG_WARN_CONSTANT_CONVERSION = YES;
				CLANG_WARN_DEPRECATED_OBJC_IMPLEMENTATIONS = YES;
				CLANG_WARN_DIRECT_OBJC_ISA_USAGE = YES_ERROR;
				CLANG_WARN_DOCUMENTATION_COMMENTS = YES;
				CLANG_WARN_EMPTY_BODY = YES;
				CLANG_WARN_ENUM_CONVERSION = YES;
				CLANG_WARN_INFINITE_RECURSION = YES;
				CLANG_WARN_INT_CONVERSION = YES;
				CLANG_WARN_NON_LITERAL_NULL_CONVERSION = YES;
				CLANG_WARN_OBJC_IMPLICIT_RETAIN_SELF = YES;
				CLANG_WARN_OBJC_LITERAL_CONVERSION = YES;
				CLANG_WARN_OBJC_ROOT_CLASS = YES_ERROR;
				CLANG_WARN_QUOTED_INCLUDE_IN_FRAMEWORK_HEADER = YES;
				CLANG_WARN_RANGE_LOOP_ANALYSIS = YES;
				CLANG_WARN_STRICT_PROTOTYPES = YES;
				CLANG_WARN_SUSPICIOUS_MOVE = YES;
				CLANG_WARN_UNGUARDED_AVAILABILITY = YES_AGGRESSIVE;
				CLANG_WARN_UNREACHABLE_CODE = YES;
				CLANG_WARN__DUPLICATE_METHOD_MATCH = YES;
				COPY_PHASE_STRIP = NO;
				DEBUG_INFORMATION_FORMAT = "dwarf-with-dsym";
				ENABLE_NS_ASSERTIONS = NO;
				ENABLE_STRICT_OBJC_MSGSEND = YES;
				GCC_C_LANGUAGE_STANDARD = gnu11;
				GCC_NO_COMMON_BLOCKS = YES;
				GCC_WARN_64_TO_32_BIT_CONVERSION = YES;
				GCC_WARN_ABOUT_RETURN_TYPE = YES_ERROR;
				GCC_WARN_UNDECLARED_SELECTOR = YES;
				GCC_WARN_UNINITIALIZED_AUTOS = YES_AGGRESSIVE;
				GCC_WARN_UNUSED_FUNCTION = YES;
				GCC_WARN_UNUSED_VARIABLE = YES;
				IPHONEOS_DEPLOYMENT_TARGET = 16.4;
				MTL_ENABLE_DEBUG_INFO = NO;
				MTL_FAST_MATH = YES;
				SDKROOT = iphoneos;
				SWIFT_COMPILATION_MODE = wholemodule;
				SWIFT_OPTIMIZATION_LEVEL = "-O";
				VALIDATE_PRODUCT = YES;
			};
			name = Release;
		};
		A0A482BE2A7F86B5002C31FE /* Debug */ = {
			isa = XCBuildConfiguration;
			baseConfigurationReference = F04362078A5572491A22D7E5 /* Pods-xsh_demos.debug.xcconfig */;
			buildSettings = {
				ASSETCATALOG_COMPILER_APPICON_NAME = AppIcon;
				ASSETCATALOG_COMPILER_GLOBAL_ACCENT_COLOR_NAME = AccentColor;
				CODE_SIGN_STYLE = Automatic;
				CURRENT_PROJECT_VERSION = 1;
				DEVELOPMENT_TEAM = Q798TC6D2D;
				GENERATE_INFOPLIST_FILE = YES;
				INFOPLIST_FILE = xsh_demos/Info.plist;
				INFOPLIST_KEY_UIApplicationSupportsIndirectInputEvents = YES;
				INFOPLIST_KEY_UILaunchStoryboardName = LaunchScreen;
				INFOPLIST_KEY_UIMainStoryboardFile = Main;
				INFOPLIST_KEY_UISupportedInterfaceOrientations_iPad = "UIInterfaceOrientationPortrait UIInterfaceOrientationPortraitUpsideDown UIInterfaceOrientationLandscapeLeft UIInterfaceOrientationLandscapeRight";
				INFOPLIST_KEY_UISupportedInterfaceOrientations_iPhone = "UIInterfaceOrientationPortrait UIInterfaceOrientationLandscapeLeft UIInterfaceOrientationLandscapeRight";
				LD_RUNPATH_SEARCH_PATHS = (
					"$(inherited)",
					"@executable_path/Frameworks",
				);
				MARKETING_VERSION = 1.0;
				PRODUCT_BUNDLE_IDENTIFIER = "omo.xsh-demos";
				PRODUCT_NAME = "$(TARGET_NAME)";
				SWIFT_EMIT_LOC_STRINGS = YES;
				SWIFT_VERSION = 5.0;
				TARGETED_DEVICE_FAMILY = "1,2";
			};
			name = Debug;
		};
		A0A482BF2A7F86B5002C31FE /* Release */ = {
			isa = XCBuildConfiguration;
			baseConfigurationReference = D1C643A5C30ABFA4600A8940 /* Pods-xsh_demos.release.xcconfig */;
			buildSettings = {
				ASSETCATALOG_COMPILER_APPICON_NAME = AppIcon;
				ASSETCATALOG_COMPILER_GLOBAL_ACCENT_COLOR_NAME = AccentColor;
				CODE_SIGN_STYLE = Automatic;
				CURRENT_PROJECT_VERSION = 1;
				DEVELOPMENT_TEAM = Q798TC6D2D;
				GENERATE_INFOPLIST_FILE = YES;
				INFOPLIST_FILE = xsh_demos/Info.plist;
				INFOPLIST_KEY_UIApplicationSupportsIndirectInputEvents = YES;
				INFOPLIST_KEY_UILaunchStoryboardName = LaunchScreen;
				INFOPLIST_KEY_UIMainStoryboardFile = Main;
				INFOPLIST_KEY_UISupportedInterfaceOrientations_iPad = "UIInterfaceOrientationPortrait UIInterfaceOrientationPortraitUpsideDown UIInterfaceOrientationLandscapeLeft UIInterfaceOrientationLandscapeRight";
				INFOPLIST_KEY_UISupportedInterfaceOrientations_iPhone = "UIInterfaceOrientationPortrait UIInterfaceOrientationLandscapeLeft UIInterfaceOrientationLandscapeRight";
				LD_RUNPATH_SEARCH_PATHS = (
					"$(inherited)",
					"@executable_path/Frameworks",
				);
				MARKETING_VERSION = 1.0;
				PRODUCT_BUNDLE_IDENTIFIER = "omo.xsh-demos";
				PRODUCT_NAME = "$(TARGET_NAME)";
				SWIFT_EMIT_LOC_STRINGS = YES;
				SWIFT_VERSION = 5.0;
				TARGETED_DEVICE_FAMILY = "1,2";
			};
			name = Release;
		};
		A0A482C12A7F86B5002C31FE /* Debug */ = {
			isa = XCBuildConfiguration;
			buildSettings = {
				ALWAYS_EMBED_SWIFT_STANDARD_LIBRARIES = YES;
				BUNDLE_LOADER = "$(TEST_HOST)";
				CODE_SIGN_STYLE = Automatic;
				CURRENT_PROJECT_VERSION = 1;
				DEVELOPMENT_TEAM = Q798TC6D2D;
				GENERATE_INFOPLIST_FILE = YES;
				IPHONEOS_DEPLOYMENT_TARGET = 16.4;
				MARKETING_VERSION = 1.0;
				PRODUCT_BUNDLE_IDENTIFIER = "omo.xsh-demosTests";
				PRODUCT_NAME = "$(TARGET_NAME)";
				SWIFT_EMIT_LOC_STRINGS = NO;
				SWIFT_VERSION = 5.0;
				TARGETED_DEVICE_FAMILY = "1,2";
				TEST_HOST = "$(BUILT_PRODUCTS_DIR)/xsh_demos.app/$(BUNDLE_EXECUTABLE_FOLDER_PATH)/xsh_demos";
			};
			name = Debug;
		};
		A0A482C22A7F86B5002C31FE /* Release */ = {
			isa = XCBuildConfiguration;
			buildSettings = {
				ALWAYS_EMBED_SWIFT_STANDARD_LIBRARIES = YES;
				BUNDLE_LOADER = "$(TEST_HOST)";
				CODE_SIGN_STYLE = Automatic;
				CURRENT_PROJECT_VERSION = 1;
				DEVELOPMENT_TEAM = Q798TC6D2D;
				GENERATE_INFOPLIST_FILE = YES;
				IPHONEOS_DEPLOYMENT_TARGET = 16.4;
				MARKETING_VERSION = 1.0;
				PRODUCT_BUNDLE_IDENTIFIER = "omo.xsh-demosTests";
				PRODUCT_NAME = "$(TARGET_NAME)";
				SWIFT_EMIT_LOC_STRINGS = NO;
				SWIFT_VERSION = 5.0;
				TARGETED_DEVICE_FAMILY = "1,2";
				TEST_HOST = "$(BUILT_PRODUCTS_DIR)/xsh_demos.app/$(BUNDLE_EXECUTABLE_FOLDER_PATH)/xsh_demos";
			};
			name = Release;
		};
		A0A482C42A7F86B5002C31FE /* Debug */ = {
			isa = XCBuildConfiguration;
			buildSettings = {
				ALWAYS_EMBED_SWIFT_STANDARD_LIBRARIES = YES;
				CODE_SIGN_STYLE = Automatic;
				CURRENT_PROJECT_VERSION = 1;
				DEVELOPMENT_TEAM = Q798TC6D2D;
				GENERATE_INFOPLIST_FILE = YES;
				MARKETING_VERSION = 1.0;
				PRODUCT_BUNDLE_IDENTIFIER = "omo.xsh-demosUITests";
				PRODUCT_NAME = "$(TARGET_NAME)";
				SWIFT_EMIT_LOC_STRINGS = NO;
				SWIFT_VERSION = 5.0;
				TARGETED_DEVICE_FAMILY = "1,2";
				TEST_TARGET_NAME = xsh_demos;
			};
			name = Debug;
		};
		A0A482C52A7F86B5002C31FE /* Release */ = {
			isa = XCBuildConfiguration;
			buildSettings = {
				ALWAYS_EMBED_SWIFT_STANDARD_LIBRARIES = YES;
				CODE_SIGN_STYLE = Automatic;
				CURRENT_PROJECT_VERSION = 1;
				DEVELOPMENT_TEAM = Q798TC6D2D;
				GENERATE_INFOPLIST_FILE = YES;
				MARKETING_VERSION = 1.0;
				PRODUCT_BUNDLE_IDENTIFIER = "omo.xsh-demosUITests";
				PRODUCT_NAME = "$(TARGET_NAME)";
				SWIFT_EMIT_LOC_STRINGS = NO;
				SWIFT_VERSION = 5.0;
				TARGETED_DEVICE_FAMILY = "1,2";
				TEST_TARGET_NAME = xsh_demos;
			};
			name = Release;
		};
/* End XCBuildConfiguration section */

/* Begin XCConfigurationList section */
		A0A4828B2A7F86B4002C31FE /* Build configuration list for PBXProject "xsh_demos" */ = {
			isa = XCConfigurationList;
			buildConfigurations = (
				A0A482BB2A7F86B5002C31FE /* Debug */,
				A0A482BC2A7F86B5002C31FE /* Release */,
			);
			defaultConfigurationIsVisible = 0;
			defaultConfigurationName = Release;
		};
		A0A482BD2A7F86B5002C31FE /* Build configuration list for PBXNativeTarget "xsh_demos" */ = {
			isa = XCConfigurationList;
			buildConfigurations = (
				A0A482BE2A7F86B5002C31FE /* Debug */,
				A0A482BF2A7F86B5002C31FE /* Release */,
			);
			defaultConfigurationIsVisible = 0;
			defaultConfigurationName = Release;
		};
		A0A482C02A7F86B5002C31FE /* Build configuration list for PBXNativeTarget "xsh_demosTests" */ = {
			isa = XCConfigurationList;
			buildConfigurations = (
				A0A482C12A7F86B5002C31FE /* Debug */,
				A0A482C22A7F86B5002C31FE /* Release */,
			);
			defaultConfigurationIsVisible = 0;
			defaultConfigurationName = Release;
		};
		A0A482C32A7F86B5002C31FE /* Build configuration list for PBXNativeTarget "xsh_demosUITests" */ = {
			isa = XCConfigurationList;
			buildConfigurations = (
				A0A482C42A7F86B5002C31FE /* Debug */,
				A0A482C52A7F86B5002C31FE /* Release */,
			);
			defaultConfigurationIsVisible = 0;
			defaultConfigurationName = Release;
		};
/* End XCConfigurationList section */

/* Begin XCVersionGroup section */
		A0A4829C2A7F86B4002C31FE /* xsh_demos.xcdatamodeld */ = {
			isa = XCVersionGroup;
			children = (
				A0A4829D2A7F86B4002C31FE /* xsh_demos.xcdatamodel */,
			);
			currentVersion = A0A4829D2A7F86B4002C31FE /* xsh_demos.xcdatamodel */;
			path = xsh_demos.xcdatamodeld;
			sourceTree = "<group>";
			versionGroupType = wrapper.xcdatamodel;
		};
/* End XCVersionGroup section */
	};
	rootObject = A0A482882A7F86B4002C31FE /* Project object */;
}
